// !$*UTF8*$!
{
	archiveVersion = 1;
	classes = {
	};
	objectVersion = 46;
	objects = {

/* Begin PBXBuildFile section */
		7E0C80661E2233200025E7C2 /* BaseModel.swift in Sources */ = {isa = PBXBuildFile; fileRef = 7E0C80651E2233200025E7C2 /* BaseModel.swift */; };
		7E1C41671E225849009789D8 /* CurrencyService.swift in Sources */ = {isa = PBXBuildFile; fileRef = 7E1C41661E225849009789D8 /* CurrencyService.swift */; };
		7E1C41691E225D6C009789D8 /* Conversion.swift in Sources */ = {isa = PBXBuildFile; fileRef = 7E1C41681E225D6C009789D8 /* Conversion.swift */; };
		7E6FEBE31E21E83E006AE61A /* AppDelegate.swift in Sources */ = {isa = PBXBuildFile; fileRef = 7E6FEBE21E21E83E006AE61A /* AppDelegate.swift */; };
		7E6FEBE81E21E83E006AE61A /* Main.storyboard in Resources */ = {isa = PBXBuildFile; fileRef = 7E6FEBE61E21E83E006AE61A /* Main.storyboard */; };
		7E6FEBEA1E21E83E006AE61A /* Assets.xcassets in Resources */ = {isa = PBXBuildFile; fileRef = 7E6FEBE91E21E83E006AE61A /* Assets.xcassets */; };
		7E6FEBED1E21E83E006AE61A /* LaunchScreen.storyboard in Resources */ = {isa = PBXBuildFile; fileRef = 7E6FEBEB1E21E83E006AE61A /* LaunchScreen.storyboard */; };
		7E6FEBF81E21E83E006AE61A /* CurrencyTests.swift in Sources */ = {isa = PBXBuildFile; fileRef = 7E6FEBF71E21E83E006AE61A /* CurrencyTests.swift */; };
		7E6FEC031E21E83E006AE61A /* CurrencyUITests.swift in Sources */ = {isa = PBXBuildFile; fileRef = 7E6FEC021E21E83E006AE61A /* CurrencyUITests.swift */; };
		7EAEF4B61E224D8800679CBF /* BaseService.swift in Sources */ = {isa = PBXBuildFile; fileRef = 7EAEF4B51E224D8800679CBF /* BaseService.swift */; };
		7EC90E571E239AE0009ED220 /* BaseViewController.swift in Sources */ = {isa = PBXBuildFile; fileRef = 7EC90E551E239AE0009ED220 /* BaseViewController.swift */; };
		7EC90E5A1E239BFF009ED220 /* HomeController.swift in Sources */ = {isa = PBXBuildFile; fileRef = 7EC90E591E239BFF009ED220 /* HomeController.swift */; };
		7EEC21AC1E2235A700EB68E0 /* Currency.swift in Sources */ = {isa = PBXBuildFile; fileRef = 7EEC21AB1E2235A700EB68E0 /* Currency.swift */; };
		8653EC6FA2D377D56779F913 /* Pods_Currency.framework in Frameworks */ = {isa = PBXBuildFile; fileRef = 2C484F5E56A20A572CBF0D0D /* Pods_Currency.framework */; };
/* End PBXBuildFile section */

/* Begin PBXContainerItemProxy section */
		7E6FEBF41E21E83E006AE61A /* PBXContainerItemProxy */ = {
			isa = PBXContainerItemProxy;
			containerPortal = 7E6FEBD71E21E83E006AE61A /* Project object */;
			proxyType = 1;
			remoteGlobalIDString = 7E6FEBDE1E21E83E006AE61A;
			remoteInfo = Currency;
		};
		7E6FEBFF1E21E83E006AE61A /* PBXContainerItemProxy */ = {
			isa = PBXContainerItemProxy;
			containerPortal = 7E6FEBD71E21E83E006AE61A /* Project object */;
			proxyType = 1;
			remoteGlobalIDString = 7E6FEBDE1E21E83E006AE61A;
			remoteInfo = Currency;
		};
/* End PBXContainerItemProxy section */

/* Begin PBXFileReference section */
		14282DC4C7A2AB2CA87DA906 /* Pods-Currency.debug.xcconfig */ = {isa = PBXFileReference; includeInIndex = 1; lastKnownFileType = text.xcconfig; name = "Pods-Currency.debug.xcconfig"; path = "Pods/Target Support Files/Pods-Currency/Pods-Currency.debug.xcconfig"; sourceTree = "<group>"; };
		2C484F5E56A20A572CBF0D0D /* Pods_Currency.framework */ = {isa = PBXFileReference; explicitFileType = wrapper.framework; includeInIndex = 0; path = Pods_Currency.framework; sourceTree = BUILT_PRODUCTS_DIR; };
		4ABAF3297AFF03EDDAB4F570 /* Pods-Currency.release.xcconfig */ = {isa = PBXFileReference; includeInIndex = 1; lastKnownFileType = text.xcconfig; name = "Pods-Currency.release.xcconfig"; path = "Pods/Target Support Files/Pods-Currency/Pods-Currency.release.xcconfig"; sourceTree = "<group>"; };
		7E0C80651E2233200025E7C2 /* BaseModel.swift */ = {isa = PBXFileReference; fileEncoding = 4; lastKnownFileType = sourcecode.swift; path = BaseModel.swift; sourceTree = "<group>"; };
		7E1C41661E225849009789D8 /* CurrencyService.swift */ = {isa = PBXFileReference; fileEncoding = 4; lastKnownFileType = sourcecode.swift; path = CurrencyService.swift; sourceTree = "<group>"; };
		7E1C41681E225D6C009789D8 /* Conversion.swift */ = {isa = PBXFileReference; fileEncoding = 4; lastKnownFileType = sourcecode.swift; path = Conversion.swift; sourceTree = "<group>"; };
		7E6FEBDF1E21E83E006AE61A /* Currency.app */ = {isa = PBXFileReference; explicitFileType = wrapper.application; includeInIndex = 0; path = Currency.app; sourceTree = BUILT_PRODUCTS_DIR; };
		7E6FEBE21E21E83E006AE61A /* AppDelegate.swift */ = {isa = PBXFileReference; lastKnownFileType = sourcecode.swift; path = AppDelegate.swift; sourceTree = "<group>"; };
		7E6FEBE71E21E83E006AE61A /* Base */ = {isa = PBXFileReference; lastKnownFileType = file.storyboard; name = Base; path = Base.lproj/Main.storyboard; sourceTree = "<group>"; };
		7E6FEBE91E21E83E006AE61A /* Assets.xcassets */ = {isa = PBXFileReference; lastKnownFileType = folder.assetcatalog; path = Assets.xcassets; sourceTree = "<group>"; };
		7E6FEBEC1E21E83E006AE61A /* Base */ = {isa = PBXFileReference; lastKnownFileType = file.storyboard; name = Base; path = Base.lproj/LaunchScreen.storyboard; sourceTree = "<group>"; };
		7E6FEBEE1E21E83E006AE61A /* Info.plist */ = {isa = PBXFileReference; lastKnownFileType = text.plist.xml; path = Info.plist; sourceTree = "<group>"; };
		7E6FEBF31E21E83E006AE61A /* CurrencyTests.xctest */ = {isa = PBXFileReference; explicitFileType = wrapper.cfbundle; includeInIndex = 0; path = CurrencyTests.xctest; sourceTree = BUILT_PRODUCTS_DIR; };
		7E6FEBF71E21E83E006AE61A /* CurrencyTests.swift */ = {isa = PBXFileReference; lastKnownFileType = sourcecode.swift; path = CurrencyTests.swift; sourceTree = "<group>"; };
		7E6FEBF91E21E83E006AE61A /* Info.plist */ = {isa = PBXFileReference; lastKnownFileType = text.plist.xml; path = Info.plist; sourceTree = "<group>"; };
		7E6FEBFE1E21E83E006AE61A /* CurrencyUITests.xctest */ = {isa = PBXFileReference; explicitFileType = wrapper.cfbundle; includeInIndex = 0; path = CurrencyUITests.xctest; sourceTree = BUILT_PRODUCTS_DIR; };
		7E6FEC021E21E83E006AE61A /* CurrencyUITests.swift */ = {isa = PBXFileReference; lastKnownFileType = sourcecode.swift; path = CurrencyUITests.swift; sourceTree = "<group>"; };
		7E6FEC041E21E83E006AE61A /* Info.plist */ = {isa = PBXFileReference; lastKnownFileType = text.plist.xml; path = Info.plist; sourceTree = "<group>"; };
		7EAEF4B51E224D8800679CBF /* BaseService.swift */ = {isa = PBXFileReference; fileEncoding = 4; lastKnownFileType = sourcecode.swift; path = BaseService.swift; sourceTree = "<group>"; };
		7EC90E551E239AE0009ED220 /* BaseViewController.swift */ = {isa = PBXFileReference; fileEncoding = 4; lastKnownFileType = sourcecode.swift; path = BaseViewController.swift; sourceTree = "<group>"; };
		7EC90E591E239BFF009ED220 /* HomeController.swift */ = {isa = PBXFileReference; fileEncoding = 4; lastKnownFileType = sourcecode.swift; path = HomeController.swift; sourceTree = "<group>"; };
		7EEC21AB1E2235A700EB68E0 /* Currency.swift */ = {isa = PBXFileReference; fileEncoding = 4; lastKnownFileType = sourcecode.swift; path = Currency.swift; sourceTree = "<group>"; };
/* End PBXFileReference section */

/* Begin PBXFrameworksBuildPhase section */
		7E6FEBDC1E21E83E006AE61A /* Frameworks */ = {
			isa = PBXFrameworksBuildPhase;
			buildActionMask = 2147483647;
			files = (
				8653EC6FA2D377D56779F913 /* Pods_Currency.framework in Frameworks */,
			);
			runOnlyForDeploymentPostprocessing = 0;
		};
		7E6FEBF01E21E83E006AE61A /* Frameworks */ = {
			isa = PBXFrameworksBuildPhase;
			buildActionMask = 2147483647;
			files = (
			);
			runOnlyForDeploymentPostprocessing = 0;
		};
		7E6FEBFB1E21E83E006AE61A /* Frameworks */ = {
			isa = PBXFrameworksBuildPhase;
			buildActionMask = 2147483647;
			files = (
			);
			runOnlyForDeploymentPostprocessing = 0;
		};
/* End PBXFrameworksBuildPhase section */

/* Begin PBXGroup section */
		647D5ABF640AB942C131FC14 /* Frameworks */ = {
			isa = PBXGroup;
			children = (
				2C484F5E56A20A572CBF0D0D /* Pods_Currency.framework */,
			);
			name = Frameworks;
			sourceTree = "<group>";
		};
		7E0B968A1E2224D80017D5BA /* Model */ = {
			isa = PBXGroup;
			children = (
				7E0C80651E2233200025E7C2 /* BaseModel.swift */,
				7EEC21AB1E2235A700EB68E0 /* Currency.swift */,
				7E1C41681E225D6C009789D8 /* Conversion.swift */,
			);
			name = Model;
			sourceTree = "<group>";
		};
		7E6FEBD61E21E83E006AE61A = {
			isa = PBXGroup;
			children = (
				7E6FEBE11E21E83E006AE61A /* Currency */,
				7E6FEBF61E21E83E006AE61A /* CurrencyTests */,
				7E6FEC011E21E83E006AE61A /* CurrencyUITests */,
				7E6FEBE01E21E83E006AE61A /* Products */,
				B0C03A6E5323203B6C17120A /* Pods */,
				647D5ABF640AB942C131FC14 /* Frameworks */,
			);
			sourceTree = "<group>";
		};
		7E6FEBE01E21E83E006AE61A /* Products */ = {
			isa = PBXGroup;
			children = (
				7E6FEBDF1E21E83E006AE61A /* Currency.app */,
				7E6FEBF31E21E83E006AE61A /* CurrencyTests.xctest */,
				7E6FEBFE1E21E83E006AE61A /* CurrencyUITests.xctest */,
			);
			name = Products;
			sourceTree = "<group>";
		};
		7E6FEBE11E21E83E006AE61A /* Currency */ = {
			isa = PBXGroup;
			children = (
				7EC90E541E239AD5009ED220 /* Controller */,
				7EC328311E224D3C00655995 /* Service */,
				7E0B968A1E2224D80017D5BA /* Model */,
				7E6FEBE21E21E83E006AE61A /* AppDelegate.swift */,
				7E6FEBE61E21E83E006AE61A /* Main.storyboard */,
				7E6FEBE91E21E83E006AE61A /* Assets.xcassets */,
				7E6FEBEB1E21E83E006AE61A /* LaunchScreen.storyboard */,
				7E6FEBEE1E21E83E006AE61A /* Info.plist */,
			);
			path = Currency;
			sourceTree = "<group>";
		};
		7E6FEBF61E21E83E006AE61A /* CurrencyTests */ = {
			isa = PBXGroup;
			children = (
				7E6FEBF71E21E83E006AE61A /* CurrencyTests.swift */,
				7E6FEBF91E21E83E006AE61A /* Info.plist */,
			);
			path = CurrencyTests;
			sourceTree = "<group>";
		};
		7E6FEC011E21E83E006AE61A /* CurrencyUITests */ = {
			isa = PBXGroup;
			children = (
				7E6FEC021E21E83E006AE61A /* CurrencyUITests.swift */,
				7E6FEC041E21E83E006AE61A /* Info.plist */,
			);
			path = CurrencyUITests;
			sourceTree = "<group>";
		};
		7EC328311E224D3C00655995 /* Service */ = {
			isa = PBXGroup;
			children = (
				7EAEF4B51E224D8800679CBF /* BaseService.swift */,
				7E1C41661E225849009789D8 /* CurrencyService.swift */,
			);
			name = Service;
			sourceTree = "<group>";
		};
		7EC90E541E239AD5009ED220 /* Controller */ = {
			isa = PBXGroup;
			children = (
				7EC90E551E239AE0009ED220 /* BaseViewController.swift */,
				7EC90E591E239BFF009ED220 /* HomeController.swift */,
			);
			name = Controller;
			sourceTree = "<group>";
		};
		B0C03A6E5323203B6C17120A /* Pods */ = {
			isa = PBXGroup;
			children = (
				14282DC4C7A2AB2CA87DA906 /* Pods-Currency.debug.xcconfig */,
				4ABAF3297AFF03EDDAB4F570 /* Pods-Currency.release.xcconfig */,
			);
			name = Pods;
			sourceTree = "<group>";
		};
/* End PBXGroup section */

/* Begin PBXNativeTarget section */
		7E6FEBDE1E21E83E006AE61A /* Currency */ = {
			isa = PBXNativeTarget;
			buildConfigurationList = 7E6FEC071E21E83E006AE61A /* Build configuration list for PBXNativeTarget "Currency" */;
			buildPhases = (
				25A188052E8736B87045C4E4 /* [CP] Check Pods Manifest.lock */,
				7E6FEBDB1E21E83E006AE61A /* Sources */,
				7E6FEBDC1E21E83E006AE61A /* Frameworks */,
				7E6FEBDD1E21E83E006AE61A /* Resources */,
				CDD30F059933FA82133B311F /* [CP] Embed Pods Frameworks */,
				88DDA615AE508469B7CFCD1A /* [CP] Copy Pods Resources */,
			);
			buildRules = (
			);
			dependencies = (
			);
			name = Currency;
			productName = Currency;
			productReference = 7E6FEBDF1E21E83E006AE61A /* Currency.app */;
			productType = "com.apple.product-type.application";
		};
		7E6FEBF21E21E83E006AE61A /* CurrencyTests */ = {
			isa = PBXNativeTarget;
			buildConfigurationList = 7E6FEC0A1E21E83E006AE61A /* Build configuration list for PBXNativeTarget "CurrencyTests" */;
			buildPhases = (
				7E6FEBEF1E21E83E006AE61A /* Sources */,
				7E6FEBF01E21E83E006AE61A /* Frameworks */,
				7E6FEBF11E21E83E006AE61A /* Resources */,
			);
			buildRules = (
			);
			dependencies = (
				7E6FEBF51E21E83E006AE61A /* PBXTargetDependency */,
			);
			name = CurrencyTests;
			productName = CurrencyTests;
			productReference = 7E6FEBF31E21E83E006AE61A /* CurrencyTests.xctest */;
			productType = "com.apple.product-type.bundle.unit-test";
		};
		7E6FEBFD1E21E83E006AE61A /* CurrencyUITests */ = {
			isa = PBXNativeTarget;
			buildConfigurationList = 7E6FEC0D1E21E83E006AE61A /* Build configuration list for PBXNativeTarget "CurrencyUITests" */;
			buildPhases = (
				7E6FEBFA1E21E83E006AE61A /* Sources */,
				7E6FEBFB1E21E83E006AE61A /* Frameworks */,
				7E6FEBFC1E21E83E006AE61A /* Resources */,
			);
			buildRules = (
			);
			dependencies = (
				7E6FEC001E21E83E006AE61A /* PBXTargetDependency */,
			);
			name = CurrencyUITests;
			productName = CurrencyUITests;
			productReference = 7E6FEBFE1E21E83E006AE61A /* CurrencyUITests.xctest */;
			productType = "com.apple.product-type.bundle.ui-testing";
		};
/* End PBXNativeTarget section */

/* Begin PBXProject section */
		7E6FEBD71E21E83E006AE61A /* Project object */ = {
			isa = PBXProject;
			attributes = {
				LastSwiftUpdateCheck = 0820;
				LastUpgradeCheck = 0820;
				ORGANIZATIONNAME = "Lance Blue";
				TargetAttributes = {
					7E6FEBDE1E21E83E006AE61A = {
						CreatedOnToolsVersion = 8.2.1;
						ProvisioningStyle = Automatic;
					};
					7E6FEBF21E21E83E006AE61A = {
						CreatedOnToolsVersion = 8.2.1;
						ProvisioningStyle = Automatic;
						TestTargetID = 7E6FEBDE1E21E83E006AE61A;
					};
					7E6FEBFD1E21E83E006AE61A = {
						CreatedOnToolsVersion = 8.2.1;
						ProvisioningStyle = Automatic;
						TestTargetID = 7E6FEBDE1E21E83E006AE61A;
					};
				};
			};
			buildConfigurationList = 7E6FEBDA1E21E83E006AE61A /* Build configuration list for PBXProject "Currency" */;
			compatibilityVersion = "Xcode 3.2";
			developmentRegion = English;
			hasScannedForEncodings = 0;
			knownRegions = (
				en,
				Base,
			);
			mainGroup = 7E6FEBD61E21E83E006AE61A;
			productRefGroup = 7E6FEBE01E21E83E006AE61A /* Products */;
			projectDirPath = "";
			projectRoot = "";
			targets = (
				7E6FEBDE1E21E83E006AE61A /* Currency */,
				7E6FEBF21E21E83E006AE61A /* CurrencyTests */,
				7E6FEBFD1E21E83E006AE61A /* CurrencyUITests */,
			);
		};
/* End PBXProject section */

/* Begin PBXResourcesBuildPhase section */
		7E6FEBDD1E21E83E006AE61A /* Resources */ = {
			isa = PBXResourcesBuildPhase;
			buildActionMask = 2147483647;
			files = (
				7E6FEBED1E21E83E006AE61A /* LaunchScreen.storyboard in Resources */,
				7E6FEBEA1E21E83E006AE61A /* Assets.xcassets in Resources */,
				7E6FEBE81E21E83E006AE61A /* Main.storyboard in Resources */,
			);
			runOnlyForDeploymentPostprocessing = 0;
		};
		7E6FEBF11E21E83E006AE61A /* Resources */ = {
			isa = PBXResourcesBuildPhase;
			buildActionMask = 2147483647;
			files = (
			);
			runOnlyForDeploymentPostprocessing = 0;
		};
		7E6FEBFC1E21E83E006AE61A /* Resources */ = {
			isa = PBXResourcesBuildPhase;
			buildActionMask = 2147483647;
			files = (
			);
			runOnlyForDeploymentPostprocessing = 0;
		};
/* End PBXResourcesBuildPhase section */

/* Begin PBXShellScriptBuildPhase section */
		25A188052E8736B87045C4E4 /* [CP] Check Pods Manifest.lock */ = {
			isa = PBXShellScriptBuildPhase;
			buildActionMask = 2147483647;
			files = (
			);
			inputPaths = (
			);
			name = "[CP] Check Pods Manifest.lock";
			outputPaths = (
			);
			runOnlyForDeploymentPostprocessing = 0;
			shellPath = /bin/sh;
			shellScript = "diff \"${PODS_ROOT}/../Podfile.lock\" \"${PODS_ROOT}/Manifest.lock\" > /dev/null\nif [ $? != 0 ] ; then\n    # print error to STDERR\n    echo \"error: The sandbox is not in sync with the Podfile.lock. Run 'pod install' or update your CocoaPods installation.\" >&2\n    exit 1\nfi\n";
			showEnvVarsInLog = 0;
		};
		88DDA615AE508469B7CFCD1A /* [CP] Copy Pods Resources */ = {
			isa = PBXShellScriptBuildPhase;
			buildActionMask = 2147483647;
			files = (
			);
			inputPaths = (
			);
			name = "[CP] Copy Pods Resources";
			outputPaths = (
			);
			runOnlyForDeploymentPostprocessing = 0;
			shellPath = /bin/sh;
			shellScript = "\"${SRCROOT}/Pods/Target Support Files/Pods-Currency/Pods-Currency-resources.sh\"\n";
			showEnvVarsInLog = 0;
		};
		CDD30F059933FA82133B311F /* [CP] Embed Pods Frameworks */ = {
			isa = PBXShellScriptBuildPhase;
			buildActionMask = 2147483647;
			files = (
			);
			inputPaths = (
			);
			name = "[CP] Embed Pods Frameworks";
			outputPaths = (
			);
			runOnlyForDeploymentPostprocessing = 0;
			shellPath = /bin/sh;
			shellScript = "\"${SRCROOT}/Pods/Target Support Files/Pods-Currency/Pods-Currency-frameworks.sh\"\n";
			showEnvVarsInLog = 0;
		};
/* End PBXShellScriptBuildPhase section */

/* Begin PBXSourcesBuildPhase section */
		7E6FEBDB1E21E83E006AE61A /* Sources */ = {
			isa = PBXSourcesBuildPhase;
			buildActionMask = 2147483647;
			files = (
				7EEC21AC1E2235A700EB68E0 /* Currency.swift in Sources */,
				7E0C80661E2233200025E7C2 /* BaseModel.swift in Sources */,
				7E1C41671E225849009789D8 /* CurrencyService.swift in Sources */,
				7E1C41691E225D6C009789D8 /* Conversion.swift in Sources */,
				7EC90E5A1E239BFF009ED220 /* HomeController.swift in Sources */,
				7EAEF4B61E224D8800679CBF /* BaseService.swift in Sources */,
				7EC90E571E239AE0009ED220 /* BaseViewController.swift in Sources */,
				7E6FEBE31E21E83E006AE61A /* AppDelegate.swift in Sources */,
			);
			runOnlyForDeploymentPostprocessing = 0;
		};
		7E6FEBEF1E21E83E006AE61A /* Sources */ = {
			isa = PBXSourcesBuildPhase;
			buildActionMask = 2147483647;
			files = (
				7E6FEBF81E21E83E006AE61A /* CurrencyTests.swift in Sources */,
			);
			runOnlyForDeploymentPostprocessing = 0;
		};
		7E6FEBFA1E21E83E006AE61A /* Sources */ = {
			isa = PBXSourcesBuildPhase;
			buildActionMask = 2147483647;
			files = (
				7E6FEC031E21E83E006AE61A /* CurrencyUITests.swift in Sources */,
			);
			runOnlyForDeploymentPostprocessing = 0;
		};
/* End PBXSourcesBuildPhase section */

/* Begin PBXTargetDependency section */
		7E6FEBF51E21E83E006AE61A /* PBXTargetDependency */ = {
			isa = PBXTargetDependency;
			target = 7E6FEBDE1E21E83E006AE61A /* Currency */;
			targetProxy = 7E6FEBF41E21E83E006AE61A /* PBXContainerItemProxy */;
		};
		7E6FEC001E21E83E006AE61A /* PBXTargetDependency */ = {
			isa = PBXTargetDependency;
			target = 7E6FEBDE1E21E83E006AE61A /* Currency */;
			targetProxy = 7E6FEBFF1E21E83E006AE61A /* PBXContainerItemProxy */;
		};
/* End PBXTargetDependency section */

/* Begin PBXVariantGroup section */
		7E6FEBE61E21E83E006AE61A /* Main.storyboard */ = {
			isa = PBXVariantGroup;
			children = (
				7E6FEBE71E21E83E006AE61A /* Base */,
			);
			name = Main.storyboard;
			sourceTree = "<group>";
		};
		7E6FEBEB1E21E83E006AE61A /* LaunchScreen.storyboard */ = {
			isa = PBXVariantGroup;
			children = (
				7E6FEBEC1E21E83E006AE61A /* Base */,
			);
			name = LaunchScreen.storyboard;
			sourceTree = "<group>";
		};
/* End PBXVariantGroup section */

/* Begin XCBuildConfiguration section */
		7E6FEC051E21E83E006AE61A /* Debug */ = {
			isa = XCBuildConfiguration;
			buildSettings = {
				ALWAYS_SEARCH_USER_PATHS = NO;
				CLANG_ANALYZER_NONNULL = YES;
				CLANG_CXX_LANGUAGE_STANDARD = "gnu++0x";
				CLANG_CXX_LIBRARY = "libc++";
				CLANG_ENABLE_MODULES = YES;
				CLANG_ENABLE_OBJC_ARC = YES;
				CLANG_WARN_BOOL_CONVERSION = YES;
				CLANG_WARN_CONSTANT_CONVERSION = YES;
				CLANG_WARN_DIRECT_OBJC_ISA_USAGE = YES_ERROR;
				CLANG_WARN_DOCUMENTATION_COMMENTS = YES;
				CLANG_WARN_EMPTY_BODY = YES;
				CLANG_WARN_ENUM_CONVERSION = YES;
				CLANG_WARN_INFINITE_RECURSION = YES;
				CLANG_WARN_INT_CONVERSION = YES;
				CLANG_WARN_OBJC_ROOT_CLASS = YES_ERROR;
				CLANG_WARN_SUSPICIOUS_MOVE = YES;
				CLANG_WARN_UNREACHABLE_CODE = YES;
				CLANG_WARN__DUPLICATE_METHOD_MATCH = YES;
				"CODE_SIGN_IDENTITY[sdk=iphoneos*]" = "iPhone Developer";
				COPY_PHASE_STRIP = NO;
				DEBUG_INFORMATION_FORMAT = dwarf;
				ENABLE_STRICT_OBJC_MSGSEND = YES;
				ENABLE_TESTABILITY = YES;
				GCC_C_LANGUAGE_STANDARD = gnu99;
				GCC_DYNAMIC_NO_PIC = NO;
				GCC_NO_COMMON_BLOCKS = YES;
				GCC_OPTIMIZATION_LEVEL = 0;
				GCC_PREPROCESSOR_DEFINITIONS = (
					"DEBUG=1",
					"$(inherited)",
				);
				GCC_WARN_64_TO_32_BIT_CONVERSION = YES;
				GCC_WARN_ABOUT_RETURN_TYPE = YES_ERROR;
				GCC_WARN_UNDECLARED_SELECTOR = YES;
				GCC_WARN_UNINITIALIZED_AUTOS = YES_AGGRESSIVE;
				GCC_WARN_UNUSED_FUNCTION = YES;
				GCC_WARN_UNUSED_VARIABLE = YES;
				IPHONEOS_DEPLOYMENT_TARGET = 10.2;
				MTL_ENABLE_DEBUG_INFO = YES;
				ONLY_ACTIVE_ARCH = YES;
				SDKROOT = iphoneos;
				SWIFT_ACTIVE_COMPILATION_CONDITIONS = DEBUG;
				SWIFT_OPTIMIZATION_LEVEL = "-Onone";
				TARGETED_DEVICE_FAMILY = "1,2";
			};
			name = Debug;
		};
		7E6FEC061E21E83E006AE61A /* Release */ = {
			isa = XCBuildConfiguration;
			buildSettings = {
				ALWAYS_SEARCH_USER_PATHS = NO;
				CLANG_ANALYZER_NONNULL = YES;
				CLANG_CXX_LANGUAGE_STANDARD = "gnu++0x";
				CLANG_CXX_LIBRARY = "libc++";
				CLANG_ENABLE_MODULES = YES;
				CLANG_ENABLE_OBJC_ARC = YES;
				CLANG_WARN_BOOL_CONVERSION = YES;
				CLANG_WARN_CONSTANT_CONVERSION = YES;
				CLANG_WARN_DIRECT_OBJC_ISA_USAGE = YES_ERROR;
				CLANG_WARN_DOCUMENTATION_COMMENTS = YES;
				CLANG_WARN_EMPTY_BODY = YES;
				CLANG_WARN_ENUM_CONVERSION = YES;
				CLANG_WARN_INFINITE_RECURSION = YES;
				CLANG_WARN_INT_CONVERSION = YES;
				CLANG_WARN_OBJC_ROOT_CLASS = YES_ERROR;
				CLANG_WARN_SUSPICIOUS_MOVE = YES;
				CLANG_WARN_UNREACHABLE_CODE = YES;
				CLANG_WARN__DUPLICATE_METHOD_MATCH = YES;
				"CODE_SIGN_IDENTITY[sdk=iphoneos*]" = "iPhone Developer";
				COPY_PHASE_STRIP = NO;
				DEBUG_INFORMATION_FORMAT = "dwarf-with-dsym";
				ENABLE_NS_ASSERTIONS = NO;
				ENABLE_STRICT_OBJC_MSGSEND = YES;
				GCC_C_LANGUAGE_STANDARD = gnu99;
				GCC_NO_COMMON_BLOCKS = YES;
				GCC_WARN_64_TO_32_BIT_CONVERSION = YES;
				GCC_WARN_ABOUT_RETURN_TYPE = YES_ERROR;
				GCC_WARN_UNDECLARED_SELECTOR = YES;
				GCC_WARN_UNINITIALIZED_AUTOS = YES_AGGRESSIVE;
				GCC_WARN_UNUSED_FUNCTION = YES;
				GCC_WARN_UNUSED_VARIABLE = YES;
				IPHONEOS_DEPLOYMENT_TARGET = 10.2;
				MTL_ENABLE_DEBUG_INFO = NO;
				SDKROOT = iphoneos;
				SWIFT_OPTIMIZATION_LEVEL = "-Owholemodule";
				TARGETED_DEVICE_FAMILY = "1,2";
				VALIDATE_PRODUCT = YES;
			};
			name = Release;
		};
		7E6FEC081E21E83E006AE61A /* Debug */ = {
			isa = XCBuildConfiguration;
			baseConfigurationReference = 14282DC4C7A2AB2CA87DA906 /* Pods-Currency.debug.xcconfig */;
			buildSettings = {
				ASSETCATALOG_COMPILER_APPICON_NAME = AppIcon;
				INFOPLIST_FILE = Currency/Info.plist;
				LD_RUNPATH_SEARCH_PATHS = "$(inherited) @executable_path/Frameworks";
				PRODUCT_BUNDLE_IDENTIFIER = com.lance.Currency;
				PRODUCT_NAME = "$(TARGET_NAME)";
				SWIFT_VERSION = 3.0;
			};
			name = Debug;
		};
		7E6FEC091E21E83E006AE61A /* Release */ = {
			isa = XCBuildConfiguration;
			baseConfigurationReference = 4ABAF3297AFF03EDDAB4F570 /* Pods-Currency.release.xcconfig */;
			buildSettings = {
				ASSETCATALOG_COMPILER_APPICON_NAME = AppIcon;
				INFOPLIST_FILE = Currency/Info.plist;
				LD_RUNPATH_SEARCH_PATHS = "$(inherited) @executable_path/Frameworks";
				PRODUCT_BUNDLE_IDENTIFIER = com.lance.Currency;
				PRODUCT_NAME = "$(TARGET_NAME)";
				SWIFT_VERSION = 3.0;
			};
			name = Release;
		};
		7E6FEC0B1E21E83E006AE61A /* Debug */ = {
			isa = XCBuildConfiguration;
			buildSettings = {
				ALWAYS_EMBED_SWIFT_STANDARD_LIBRARIES = YES;
				BUNDLE_LOADER = "$(TEST_HOST)";
				INFOPLIST_FILE = CurrencyTests/Info.plist;
				LD_RUNPATH_SEARCH_PATHS = "$(inherited) @executable_path/Frameworks @loader_path/Frameworks";
				PRODUCT_BUNDLE_IDENTIFIER = com.lance.CurrencyTests;
				PRODUCT_NAME = "$(TARGET_NAME)";
				SWIFT_VERSION = 3.0;
				TEST_HOST = "$(BUILT_PRODUCTS_DIR)/Currency.app/Currency";
			};
			name = Debug;
		};
		7E6FEC0C1E21E83E006AE61A /* Release */ = {
			isa = XCBuildConfiguration;
			buildSettings = {
				ALWAYS_EMBED_SWIFT_STANDARD_LIBRARIES = YES;
				BUNDLE_LOADER = "$(TEST_HOST)";
				INFOPLIST_FILE = CurrencyTests/Info.plist;
				LD_RUNPATH_SEARCH_PATHS = "$(inherited) @executable_path/Frameworks @loader_path/Frameworks";
				PRODUCT_BUNDLE_IDENTIFIER = com.lance.CurrencyTests;
				PRODUCT_NAME = "$(TARGET_NAME)";
				SWIFT_VERSION = 3.0;
				TEST_HOST = "$(BUILT_PRODUCTS_DIR)/Currency.app/Currency";
			};
			name = Release;
		};
		7E6FEC0E1E21E83E006AE61A /* Debug */ = {
			isa = XCBuildConfiguration;
			buildSettings = {
				ALWAYS_EMBED_SWIFT_STANDARD_LIBRARIES = YES;
				INFOPLIST_FILE = CurrencyUITests/Info.plist;
				LD_RUNPATH_SEARCH_PATHS = "$(inherited) @executable_path/Frameworks @loader_path/Frameworks";
				PRODUCT_BUNDLE_IDENTIFIER = com.lance.CurrencyUITests;
				PRODUCT_NAME = "$(TARGET_NAME)";
				SWIFT_VERSION = 3.0;
				TEST_TARGET_NAME = Currency;
			};
			name = Debug;
		};
		7E6FEC0F1E21E83E006AE61A /* Release */ = {
			isa = XCBuildConfiguration;
			buildSettings = {
				ALWAYS_EMBED_SWIFT_STANDARD_LIBRARIES = YES;
				INFOPLIST_FILE = CurrencyUITests/Info.plist;
				LD_RUNPATH_SEARCH_PATHS = "$(inherited) @executable_path/Frameworks @loader_path/Frameworks";
				PRODUCT_BUNDLE_IDENTIFIER = com.lance.CurrencyUITests;
				PRODUCT_NAME = "$(TARGET_NAME)";
				SWIFT_VERSION = 3.0;
				TEST_TARGET_NAME = Currency;
			};
			name = Release;
		};
/* End XCBuildConfiguration section */

/* Begin XCConfigurationList section */
		7E6FEBDA1E21E83E006AE61A /* Build configuration list for PBXProject "Currency" */ = {
			isa = XCConfigurationList;
			buildConfigurations = (
				7E6FEC051E21E83E006AE61A /* Debug */,
				7E6FEC061E21E83E006AE61A /* Release */,
			);
			defaultConfigurationIsVisible = 0;
			defaultConfigurationName = Release;
		};
		7E6FEC071E21E83E006AE61A /* Build configuration list for PBXNativeTarget "Currency" */ = {
			isa = XCConfigurationList;
			buildConfigurations = (
				7E6FEC081E21E83E006AE61A /* Debug */,
				7E6FEC091E21E83E006AE61A /* Release */,
			);
			defaultConfigurationIsVisible = 0;
			defaultConfigurationName = Release;
		};
		7E6FEC0A1E21E83E006AE61A /* Build configuration list for PBXNativeTarget "CurrencyTests" */ = {
			isa = XCConfigurationList;
			buildConfigurations = (
				7E6FEC0B1E21E83E006AE61A /* Debug */,
				7E6FEC0C1E21E83E006AE61A /* Release */,
			);
			defaultConfigurationIsVisible = 0;
			defaultConfigurationName = Release;
		};
		7E6FEC0D1E21E83E006AE61A /* Build configuration list for PBXNativeTarget "CurrencyUITests" */ = {
			isa = XCConfigurationList;
			buildConfigurations = (
				7E6FEC0E1E21E83E006AE61A /* Debug */,
				7E6FEC0F1E21E83E006AE61A /* Release */,
			);
			defaultConfigurationIsVisible = 0;
			defaultConfigurationName = Release;
		};
/* End XCConfigurationList section */
	};
	rootObject = 7E6FEBD71E21E83E006AE61A /* Project object */;
}
